// !$*UTF8*$!
{
	archiveVersion = 1;
	classes = {
	};
	objectVersion = 51;
	objects = {

/* Begin PBXBuildFile section */
		2BFF06A9352600C2F43BECB1 /* Pods_CoordinatorExample.framework in Frameworks */ = {isa = PBXBuildFile; fileRef = 4D75ACF34AC9F7BDF6DCFB32 /* Pods_CoordinatorExample.framework */; };
		CA3E3F7C22CF8E220042380F /* AppDelegate.swift in Sources */ = {isa = PBXBuildFile; fileRef = CA3E3F7B22CF8E220042380F /* AppDelegate.swift */; };
		CA3E3F8322CF8E230042380F /* Assets.xcassets in Resources */ = {isa = PBXBuildFile; fileRef = CA3E3F8222CF8E230042380F /* Assets.xcassets */; };
		CA3E3F8622CF8E230042380F /* LaunchScreen.storyboard in Resources */ = {isa = PBXBuildFile; fileRef = CA3E3F8422CF8E230042380F /* LaunchScreen.storyboard */; };
		CA9A43C122CF97C700A3C156 /* RedController.swift in Sources */ = {isa = PBXBuildFile; fileRef = CA9A43C022CF97C700A3C156 /* RedController.swift */; };
		CA9A43C322CF997200A3C156 /* GreenController.swift in Sources */ = {isa = PBXBuildFile; fileRef = CA9A43C222CF997200A3C156 /* GreenController.swift */; };
/* End PBXBuildFile section */

/* Begin PBXFileReference section */
		45B4756A54EA6A8EDC0FC0A4 /* Pods-CoordinatorExample.debug.xcconfig */ = {isa = PBXFileReference; includeInIndex = 1; lastKnownFileType = text.xcconfig; name = "Pods-CoordinatorExample.debug.xcconfig"; path = "Target Support Files/Pods-CoordinatorExample/Pods-CoordinatorExample.debug.xcconfig"; sourceTree = "<group>"; };
		4D75ACF34AC9F7BDF6DCFB32 /* Pods_CoordinatorExample.framework */ = {isa = PBXFileReference; explicitFileType = wrapper.framework; includeInIndex = 0; path = Pods_CoordinatorExample.framework; sourceTree = BUILT_PRODUCTS_DIR; };
		B659694DF9381100EC949715 /* Pods-CoordinatorExample.release.xcconfig */ = {isa = PBXFileReference; includeInIndex = 1; lastKnownFileType = text.xcconfig; name = "Pods-CoordinatorExample.release.xcconfig"; path = "Target Support Files/Pods-CoordinatorExample/Pods-CoordinatorExample.release.xcconfig"; sourceTree = "<group>"; };
		CA3E3F7822CF8E220042380F /* CoordinatorExample.app */ = {isa = PBXFileReference; explicitFileType = wrapper.application; includeInIndex = 0; path = CoordinatorExample.app; sourceTree = BUILT_PRODUCTS_DIR; };
		CA3E3F7B22CF8E220042380F /* AppDelegate.swift */ = {isa = PBXFileReference; lastKnownFileType = sourcecode.swift; path = AppDelegate.swift; sourceTree = "<group>"; };
		CA3E3F8222CF8E230042380F /* Assets.xcassets */ = {isa = PBXFileReference; lastKnownFileType = folder.assetcatalog; path = Assets.xcassets; sourceTree = "<group>"; };
		CA3E3F8522CF8E230042380F /* Base */ = {isa = PBXFileReference; lastKnownFileType = file.storyboard; name = Base; path = Base.lproj/LaunchScreen.storyboard; sourceTree = "<group>"; };
		CA3E3F8722CF8E230042380F /* Info.plist */ = {isa = PBXFileReference; lastKnownFileType = text.plist.xml; path = Info.plist; sourceTree = "<group>"; };
		CA9A43C022CF97C700A3C156 /* RedController.swift */ = {isa = PBXFileReference; lastKnownFileType = sourcecode.swift; path = RedController.swift; sourceTree = "<group>"; };
		CA9A43C222CF997200A3C156 /* GreenController.swift */ = {isa = PBXFileReference; lastKnownFileType = sourcecode.swift; path = GreenController.swift; sourceTree = "<group>"; };
/* End PBXFileReference section */

/* Begin PBXFrameworksBuildPhase section */
		CA3E3F7522CF8E220042380F /* Frameworks */ = {
			isa = PBXFrameworksBuildPhase;
			buildActionMask = 2147483647;
			files = (
				2BFF06A9352600C2F43BECB1 /* Pods_CoordinatorExample.framework in Frameworks */,
			);
			runOnlyForDeploymentPostprocessing = 0;
		};
/* End PBXFrameworksBuildPhase section */

/* Begin PBXGroup section */
		68438DA12820736F1D56C926 /* Pods */ = {
			isa = PBXGroup;
			children = (
				45B4756A54EA6A8EDC0FC0A4 /* Pods-CoordinatorExample.debug.xcconfig */,
				B659694DF9381100EC949715 /* Pods-CoordinatorExample.release.xcconfig */,
			);
			path = Pods;
			sourceTree = "<group>";
		};
		7D3E7F15F124F463304208D9 /* Frameworks */ = {
			isa = PBXGroup;
			children = (
				4D75ACF34AC9F7BDF6DCFB32 /* Pods_CoordinatorExample.framework */,
			);
			name = Frameworks;
			sourceTree = "<group>";
		};
		CA3E3F6F22CF8E220042380F = {
			isa = PBXGroup;
			children = (
				CA3E3F7A22CF8E220042380F /* CoordinatorExample */,
				CA3E3F7922CF8E220042380F /* Products */,
				68438DA12820736F1D56C926 /* Pods */,
				7D3E7F15F124F463304208D9 /* Frameworks */,
			);
			sourceTree = "<group>";
		};
		CA3E3F7922CF8E220042380F /* Products */ = {
			isa = PBXGroup;
			children = (
				CA3E3F7822CF8E220042380F /* CoordinatorExample.app */,
			);
			name = Products;
			sourceTree = "<group>";
		};
		CA3E3F7A22CF8E220042380F /* CoordinatorExample */ = {
			isa = PBXGroup;
			children = (
				CA3E3F7B22CF8E220042380F /* AppDelegate.swift */,
				CA9A43C022CF97C700A3C156 /* RedController.swift */,
				CA9A43C222CF997200A3C156 /* GreenController.swift */,
				CA3E3F8222CF8E230042380F /* Assets.xcassets */,
				CA3E3F8422CF8E230042380F /* LaunchScreen.storyboard */,
				CA3E3F8722CF8E230042380F /* Info.plist */,
			);
			path = CoordinatorExample;
			sourceTree = "<group>";
		};
/* End PBXGroup section */

/* Begin PBXNativeTarget section */
		CA3E3F7722CF8E220042380F /* CoordinatorExample */ = {
			isa = PBXNativeTarget;
			buildConfigurationList = CA3E3F8A22CF8E230042380F /* Build configuration list for PBXNativeTarget "CoordinatorExample" */;
			buildPhases = (
				2DB73837E3287B603E886149 /* [CP] Check Pods Manifest.lock */,
				CA3E3F7422CF8E220042380F /* Sources */,
				CA3E3F7522CF8E220042380F /* Frameworks */,
				CA3E3F7622CF8E220042380F /* Resources */,
				CA2DF5F8CFB09251719328C7 /* [CP] Embed Pods Frameworks */,
			);
			buildRules = (
			);
			dependencies = (
			);
			name = CoordinatorExample;
			productName = CoordinatorExample;
			productReference = CA3E3F7822CF8E220042380F /* CoordinatorExample.app */;
			productType = "com.apple.product-type.application";
		};
/* End PBXNativeTarget section */

/* Begin PBXProject section */
		CA3E3F7022CF8E220042380F /* Project object */ = {
			isa = PBXProject;
			attributes = {
				LastSwiftUpdateCheck = 1020;
				LastUpgradeCheck = 1020;
				ORGANIZATIONNAME = "Alessio Sardella";
				TargetAttributes = {
					CA3E3F7722CF8E220042380F = {
						CreatedOnToolsVersion = 10.2.1;
					};
				};
			};
			buildConfigurationList = CA3E3F7322CF8E220042380F /* Build configuration list for PBXProject "CoordinatorExample" */;
			compatibilityVersion = "Xcode 9.3";
			developmentRegion = en;
			hasScannedForEncodings = 0;
			knownRegions = (
				en,
				Base,
			);
			mainGroup = CA3E3F6F22CF8E220042380F;
			productRefGroup = CA3E3F7922CF8E220042380F /* Products */;
			projectDirPath = "";
			projectRoot = "";
			targets = (
				CA3E3F7722CF8E220042380F /* CoordinatorExample */,
			);
		};
/* End PBXProject section */

/* Begin PBXResourcesBuildPhase section */
		CA3E3F7622CF8E220042380F /* Resources */ = {
			isa = PBXResourcesBuildPhase;
			buildActionMask = 2147483647;
			files = (
				CA3E3F8622CF8E230042380F /* LaunchScreen.storyboard in Resources */,
				CA3E3F8322CF8E230042380F /* Assets.xcassets in Resources */,
			);
			runOnlyForDeploymentPostprocessing = 0;
		};
/* End PBXResourcesBuildPhase section */

/* Begin PBXShellScriptBuildPhase section */
		2DB73837E3287B603E886149 /* [CP] Check Pods Manifest.lock */ = {
			isa = PBXShellScriptBuildPhase;
			buildActionMask = 2147483647;
			files = (
			);
			inputFileListPaths = (
			);
			inputPaths = (
				"${PODS_PODFILE_DIR_PATH}/Podfile.lock",
				"${PODS_ROOT}/Manifest.lock",
			);
			name = "[CP] Check Pods Manifest.lock";
			outputFileListPaths = (
			);
			outputPaths = (
				"$(DERIVED_FILE_DIR)/Pods-CoordinatorExample-checkManifestLockResult.txt",
			);
			runOnlyForDeploymentPostprocessing = 0;
			shellPath = /bin/sh;
			shellScript = "diff \"${PODS_PODFILE_DIR_PATH}/Podfile.lock\" \"${PODS_ROOT}/Manifest.lock\" > /dev/null\nif [ $? != 0 ] ; then\n    # print error to STDERR\n    echo \"error: The sandbox is not in sync with the Podfile.lock. Run 'pod install' or update your CocoaPods installation.\" >&2\n    exit 1\nfi\n# This output is used by Xcode 'outputs' to avoid re-running this script phase.\necho \"SUCCESS\" > \"${SCRIPT_OUTPUT_FILE_0}\"\n";
			showEnvVarsInLog = 0;
		};
		CA2DF5F8CFB09251719328C7 /* [CP] Embed Pods Frameworks */ = {
			isa = PBXShellScriptBuildPhase;
			buildActionMask = 2147483647;
			files = (
			);
			inputFileListPaths = (
				"${PODS_ROOT}/Target Support Files/Pods-CoordinatorExample/Pods-CoordinatorExample-frameworks-${CONFIGURATION}-input-files.xcfilelist",
			);
			name = "[CP] Embed Pods Frameworks";
			outputFileListPaths = (
				"${PODS_ROOT}/Target Support Files/Pods-CoordinatorExample/Pods-CoordinatorExample-frameworks-${CONFIGURATION}-output-files.xcfilelist",
			);
			runOnlyForDeploymentPostprocessing = 0;
			shellPath = /bin/sh;
			shellScript = "\"${PODS_ROOT}/Target Support Files/Pods-CoordinatorExample/Pods-CoordinatorExample-frameworks.sh\"\n";
			showEnvVarsInLog = 0;
		};
/* End PBXShellScriptBuildPhase section */

/* Begin PBXSourcesBuildPhase section */
		CA3E3F7422CF8E220042380F /* Sources */ = {
			isa = PBXSourcesBuildPhase;
			buildActionMask = 2147483647;
			files = (
				CA3E3F7C22CF8E220042380F /* AppDelegate.swift in Sources */,
				CA9A43C322CF997200A3C156 /* GreenController.swift in Sources */,
				CA9A43C122CF97C700A3C156 /* RedController.swift in Sources */,
			);
			runOnlyForDeploymentPostprocessing = 0;
		};
/* End PBXSourcesBuildPhase section */

/* Begin PBXVariantGroup section */
		CA3E3F8422CF8E230042380F /* LaunchScreen.storyboard */ = {
			isa = PBXVariantGroup;
			children = (
				CA3E3F8522CF8E230042380F /* Base */,
			);
			name = LaunchScreen.storyboard;
			sourceTree = "<group>";
		};
/* End PBXVariantGroup section */

/* Begin XCBuildConfiguration section */
		CA3E3F8822CF8E230042380F /* Debug */ = {
			isa = XCBuildConfiguration;
			buildSettings = {
				ALWAYS_SEARCH_USER_PATHS = NO;
				CLANG_ANALYZER_NONNULL = YES;
				CLANG_ANALYZER_NUMBER_OBJECT_CONVERSION = YES_AGGRESSIVE;
				CLANG_CXX_LANGUAGE_STANDARD = "gnu++14";
				CLANG_CXX_LIBRARY = "libc++";
				CLANG_ENABLE_MODULES = YES;
				CLANG_ENABLE_OBJC_ARC = YES;
				CLANG_ENABLE_OBJC_WEAK = YES;
				CLANG_WARN_BLOCK_CAPTURE_AUTORELEASING = YES;
				CLANG_WARN_BOOL_CONVERSION = YES;
				CLANG_WARN_COMMA = YES;
				CLANG_WARN_CONSTANT_CONVERSION = YES;
				CLANG_WARN_DEPRECATED_OBJC_IMPLEMENTATIONS = YES;
				CLANG_WARN_DIRECT_OBJC_ISA_USAGE = YES_ERROR;
				CLANG_WARN_DOCUMENTATION_COMMENTS = YES;
				CLANG_WARN_EMPTY_BODY = YES;
				CLANG_WARN_ENUM_CONVERSION = YES;
				CLANG_WARN_INFINITE_RECURSION = YES;
				CLANG_WARN_INT_CONVERSION = YES;
				CLANG_WARN_NON_LITERAL_NULL_CONVERSION = YES;
				CLANG_WARN_OBJC_IMPLICIT_RETAIN_SELF = YES;
				CLANG_WARN_OBJC_LITERAL_CONVERSION = YES;
				CLANG_WARN_OBJC_ROOT_CLASS = YES_ERROR;
				CLANG_WARN_RANGE_LOOP_ANALYSIS = YES;
				CLANG_WARN_STRICT_PROTOTYPES = YES;
				CLANG_WARN_SUSPICIOUS_MOVE = YES;
				CLANG_WARN_UNGUARDED_AVAILABILITY = YES_AGGRESSIVE;
				CLANG_WARN_UNREACHABLE_CODE = YES;
				CLANG_WARN__DUPLICATE_METHOD_MATCH = YES;
				CODE_SIGN_IDENTITY = "iPhone Developer";
				COPY_PHASE_STRIP = NO;
				DEBUG_INFORMATION_FORMAT = dwarf;
				ENABLE_STRICT_OBJC_MSGSEND = YES;
				ENABLE_TESTABILITY = YES;
				GCC_C_LANGUAGE_STANDARD = gnu11;
				GCC_DYNAMIC_NO_PIC = NO;
				GCC_NO_COMMON_BLOCKS = YES;
				GCC_OPTIMIZATION_LEVEL = 0;
				GCC_PREPROCESSOR_DEFINITIONS = (
					"DEBUG=1",
					"$(inherited)",
				);
				GCC_WARN_64_TO_32_BIT_CONVERSION = YES;
				GCC_WARN_ABOUT_RETURN_TYPE = YES_ERROR;
				GCC_WARN_UNDECLARED_SELECTOR = YES;
				GCC_WARN_UNINITIALIZED_AUTOS = YES_AGGRESSIVE;
				GCC_WARN_UNUSED_FUNCTION = YES;
				GCC_WARN_UNUSED_VARIABLE = YES;
				IPHONEOS_DEPLOYMENT_TARGET = 12.2;
				MTL_ENABLE_DEBUG_INFO = INCLUDE_SOURCE;
				MTL_FAST_MATH = YES;
				ONLY_ACTIVE_ARCH = YES;
				SDKROOT = iphoneos;
				SWIFT_ACTIVE_COMPILATION_CONDITIONS = DEBUG;
				SWIFT_OPTIMIZATION_LEVEL = "-Onone";
			};
			name = Debug;
		};
		CA3E3F8922CF8E230042380F /* Release */ = {
			isa = XCBuildConfiguration;
			buildSettings = {
				ALWAYS_SEARCH_USER_PATHS = NO;
				CLANG_ANALYZER_NONNULL = YES;
				CLANG_ANALYZER_NUMBER_OBJECT_CONVERSION = YES_AGGRESSIVE;
				CLANG_CXX_LANGUAGE_STANDARD = "gnu++14";
				CLANG_CXX_LIBRARY = "libc++";
				CLANG_ENABLE_MODULES = YES;
				CLANG_ENABLE_OBJC_ARC = YES;
				CLANG_ENABLE_OBJC_WEAK = YES;
				CLANG_WARN_BLOCK_CAPTURE_AUTORELEASING = YES;
				CLANG_WARN_BOOL_CONVERSION = YES;
				CLANG_WARN_COMMA = YES;
				CLANG_WARN_CONSTANT_CONVERSION = YES;
				CLANG_WARN_DEPRECATED_OBJC_IMPLEMENTATIONS = YES;
				CLANG_WARN_DIRECT_OBJC_ISA_USAGE = YES_ERROR;
				CLANG_WARN_DOCUMENTATION_COMMENTS = YES;
				CLANG_WARN_EMPTY_BODY = YES;
				CLANG_WARN_ENUM_CONVERSION = YES;
				CLANG_WARN_INFINITE_RECURSION = YES;
				CLANG_WARN_INT_CONVERSION = YES;
				CLANG_WARN_NON_LITERAL_NULL_CONVERSION = YES;
				CLANG_WARN_OBJC_IMPLICIT_RETAIN_SELF = YES;
				CLANG_WARN_OBJC_LITERAL_CONVERSION = YES;
				CLANG_WARN_OBJC_ROOT_CLASS = YES_ERROR;
				CLANG_WARN_RANGE_LOOP_ANALYSIS = YES;
				CLANG_WARN_STRICT_PROTOTYPES = YES;
				CLANG_WARN_SUSPICIOUS_MOVE = YES;
				CLANG_WARN_UNGUARDED_AVAILABILITY = YES_AGGRESSIVE;
				CLANG_WARN_UNREACHABLE_CODE = YES;
				CLANG_WARN__DUPLICATE_METHOD_MATCH = YES;
				CODE_SIGN_IDENTITY = "iPhone Developer";
				COPY_PHASE_STRIP = NO;
				DEBUG_INFORMATION_FORMAT = "dwarf-with-dsym";
				ENABLE_NS_ASSERTIONS = NO;
				ENABLE_STRICT_OBJC_MSGSEND = YES;
				GCC_C_LANGUAGE_STANDARD = gnu11;
				GCC_NO_COMMON_BLOCKS = YES;
				GCC_WARN_64_TO_32_BIT_CONVERSION = YES;
				GCC_WARN_ABOUT_RETURN_TYPE = YES_ERROR;
				GCC_WARN_UNDECLARED_SELECTOR = YES;
				GCC_WARN_UNINITIALIZED_AUTOS = YES_AGGRESSIVE;
				GCC_WARN_UNUSED_FUNCTION = YES;
				GCC_WARN_UNUSED_VARIABLE = YES;
				IPHONEOS_DEPLOYMENT_TARGET = 12.2;
				MTL_ENABLE_DEBUG_INFO = NO;
				MTL_FAST_MATH = YES;
				SDKROOT = iphoneos;
				SWIFT_COMPILATION_MODE = wholemodule;
				SWIFT_OPTIMIZATION_LEVEL = "-O";
				VALIDATE_PRODUCT = YES;
			};
			name = Release;
		};
		CA3E3F8B22CF8E230042380F /* Debug */ = {
			isa = XCBuildConfiguration;
			baseConfigurationReference = 45B4756A54EA6A8EDC0FC0A4 /* Pods-CoordinatorExample.debug.xcconfig */;
			buildSettings = {
				ASSETCATALOG_COMPILER_APPICON_NAME = AppIcon;
				CODE_SIGN_STYLE = Automatic;
				DEVELOPMENT_TEAM = 3A77F3Y2WP;
				INFOPLIST_FILE = CoordinatorExample/Info.plist;
				IPHONEOS_DEPLOYMENT_TARGET = 12.4;
				LD_RUNPATH_SEARCH_PATHS = (
					"$(inherited)",
					"@executable_path/Frameworks",
				);
				PRODUCT_BUNDLE_IDENTIFIER = "Alessio-Sardella.CoordinatorExample";
				PRODUCT_NAME = "$(TARGET_NAME)";
				SWIFT_VERSION = 5.0;
				TARGETED_DEVICE_FAMILY = "1,2";
			};
			name = Debug;
		};
		CA3E3F8C22CF8E230042380F /* Release */ = {
			isa = XCBuildConfiguration;
			baseConfigurationReference = B659694DF9381100EC949715 /* Pods-CoordinatorExample.release.xcconfig */;
			buildSettings = {
				ASSETCATALOG_COMPILER_APPICON_NAME = AppIcon;
				CODE_SIGN_STYLE = Automatic;
				DEVELOPMENT_TEAM = 3A77F3Y2WP;
				INFOPLIST_FILE = CoordinatorExample/Info.plist;
				IPHONEOS_DEPLOYMENT_TARGET = 12.4;
				LD_RUNPATH_SEARCH_PATHS = (
					"$(inherited)",
					"@executable_path/Frameworks",
				);
				PRODUCT_BUNDLE_IDENTIFIER = "Alessio-Sardella.CoordinatorExample";
				PRODUCT_NAME = "$(TARGET_NAME)";
				SWIFT_VERSION = 5.0;
				TARGETED_DEVICE_FAMILY = "1,2";
			};
			name = Release;
		};
/* End XCBuildConfiguration section */

/* Begin XCConfigurationList section */
		CA3E3F7322CF8E220042380F /* Build configuration list for PBXProject "CoordinatorExample" */ = {
			isa = XCConfigurationList;
			buildConfigurations = (
				CA3E3F8822CF8E230042380F /* Debug */,
				CA3E3F8922CF8E230042380F /* Release */,
			);
			defaultConfigurationIsVisible = 0;
			defaultConfigurationName = Release;
		};
		CA3E3F8A22CF8E230042380F /* Build configuration list for PBXNativeTarget "CoordinatorExample" */ = {
			isa = XCConfigurationList;
			buildConfigurations = (
				CA3E3F8B22CF8E230042380F /* Debug */,
				CA3E3F8C22CF8E230042380F /* Release */,
			);
			defaultConfigurationIsVisible = 0;
			defaultConfigurationName = Release;
		};
/* End XCConfigurationList section */
	};
	rootObject = CA3E3F7022CF8E220042380F /* Project object */;
}
